
Microsoft Visual Studio Solution File, Format Version 12.00
# Visual Studio Version 17
VisualStudioVersion = 17.0.31612.314
MinimumVisualStudioVersion = 10.0.40219.1
Project("{FAE04EC0-301F-11D3-BF4B-00C04F79EFBC}") = "WpfApp4", "WpfApp4\WpfApp4.csproj", "{AA314886-64EA-4E0D-A26D-C6E02C34E0B0}"
EndProject
Global
	GlobalSection(SolutionConfigurationPlatforms) = preSolution
		Debug|Any CPU = Debug|Any CPU
		Release|Any CPU = Release|Any CPU
	EndGlobalSection
	GlobalSection(ProjectConfigurationPlatforms) = postSolution
		{AA314886-64EA-4E0D-A26D-C6E02C34E0B0}.Debug|Any CPU.ActiveCfg = Debug|Any CPU
		{AA314886-64EA-4E0D-A26D-C6E02C34E0B0}.Debug|Any CPU.Build.0 = Debug|Any CPU
		{AA314886-64EA-4E0D-A26D-C6E02C34E0B0}.Release|Any CPU.ActiveCfg = Release|Any CPU
		{AA314886-64EA-4E0D-A26D-C6E02C34E0B0}.Release|Any CPU.Build.0 = Release|Any CPU
	EndGlobalSection
	GlobalSection(SolutionProperties) = preSolution
		HideSolutionNode = FALSE
	EndGlobalSection
	GlobalSection(ExtensibilityGlobals) = postSolution
		SolutionGuid = {9EB041E3-D717-48BD-A44E-93FE5649A4D1}
	EndGlobalSection
EndGlobal
